Microsoft Visual Studio Solution File, Format Version 12.00
# Visual Studio Version 16
VisualStudioVersion = 16.0.30320.27
MinimumVisualStudioVersion = 15.0.26124.0
Project("{9A19103F-16F7-4668-BE54-9A1E7A4F7556}") = "BookStoreItem", "BookStoreItem\BookStoreItem.csproj", "{CD42F0C8-5FE9-4902-8B95-390A9EA86CA6}"
EndProject
Project("{9A19103F-16F7-4668-BE54-9A1E7A4F7556}") = "BookStoreItem.Tests", "BookStoreItem.Tests\BookStoreItem.Tests.csproj", "{6C2C0A2B-2D1A-4CFD-A3E8-3C4F9263F553}"
EndProject
Project("{2150E333-8FDC-42A3-9474-1A3956D46DE8}") = "Solution Items", "Solution Items", "{5A447412-D8B9-4FFF-BE7B-E1E363952A05}"
	ProjectSection(SolutionItems) = preProject
		README.md = README.md
	EndProjectSection
EndProject
Global
	GlobalSection(SolutionConfigurationPlatforms) = preSolution
		Debug|Any CPU = Debug|Any CPU
		Debug|x64 = Debug|x64
		Debug|x86 = Debug|x86
		Release|Any CPU = Release|Any CPU
		Release|x64 = Release|x64
		Release|x86 = Release|x86
	EndGlobalSection
	GlobalSection(ProjectConfigurationPlatforms) = postSolution
		{CD42F0C8-5FE9-4902-8B95-390A9EA86CA6}.Debug|Any CPU.ActiveCfg = Debug|Any CPU
		{CD42F0C8-5FE9-4902-8B95-390A9EA86CA6}.Debug|Any CPU.Build.0 = Debug|Any CPU
		{CD42F0C8-5FE9-4902-8B95-390A9EA86CA6}.Debug|x64.ActiveCfg = Debug|Any CPU
		{CD42F0C8-5FE9-4902-8B95-390A9EA86CA6}.Debug|x64.Build.0 = Debug|Any CPU
		{CD42F0C8-5FE9-4902-8B95-390A9EA86CA6}.Debug|x86.ActiveCfg = Debug|Any CPU
		{CD42F0C8-5FE9-4902-8B95-390A9EA86CA6}.Debug|x86.Build.0 = Debug|Any CPU
		{CD42F0C8-5FE9-4902-8B95-390A9EA86CA6}.Release|Any CPU.ActiveCfg = Release|Any CPU
		{CD42F0C8-5FE9-4902-8B95-390A9EA86CA6}.Release|Any CPU.Build.0 = Release|Any CPU
		{CD42F0C8-5FE9-4902-8B95-390A9EA86CA6}.Release|x64.ActiveCfg = Release|Any CPU
		{CD42F0C8-5FE9-4902-8B95-390A9EA86CA6}.Release|x64.Build.0 = Release|Any CPU
		{CD42F0C8-5FE9-4902-8B95-390A9EA86CA6}.Release|x86.ActiveCfg = Release|Any CPU
		{CD42F0C8-5FE9-4902-8B95-390A9EA86CA6}.Release|x86.Build.0 = Release|Any CPU
		{6C2C0A2B-2D1A-4CFD-A3E8-3C4F9263F553}.Debug|Any CPU.ActiveCfg = Debug|Any CPU
		{6C2C0A2B-2D1A-4CFD-A3E8-3C4F9263F553}.Debug|Any CPU.Build.0 = Debug|Any CPU
		{6C2C0A2B-2D1A-4CFD-A3E8-3C4F9263F553}.Debug|x64.ActiveCfg = Debug|Any CPU
		{6C2C0A2B-2D1A-4CFD-A3E8-3C4F9263F553}.Debug|x64.Build.0 = Debug|Any CPU
		{6C2C0A2B-2D1A-4CFD-A3E8-3C4F9263F553}.Debug|x86.ActiveCfg = Debug|Any CPU
		{6C2C0A2B-2D1A-4CFD-A3E8-3C4F9263F553}.Debug|x86.Build.0 = Debug|Any CPU
		{6C2C0A2B-2D1A-4CFD-A3E8-3C4F9263F553}.Release|Any CPU.ActiveCfg = Release|Any CPU
		{6C2C0A2B-2D1A-4CFD-A3E8-3C4F9263F553}.Release|Any CPU.Build.0 = Release|Any CPU
		{6C2C0A2B-2D1A-4CFD-A3E8-3C4F9263F553}.Release|x64.ActiveCfg = Release|Any CPU
		{6C2C0A2B-2D1A-4CFD-A3E8-3C4F9263F553}.Release|x64.Build.0 = Release|Any CPU
		{6C2C0A2B-2D1A-4CFD-A3E8-3C4F9263F553}.Release|x86.ActiveCfg = Release|Any CPU
		{6C2C0A2B-2D1A-4CFD-A3E8-3C4F9263F553}.Release|x86.Build.0 = Release|Any CPU
	EndGlobalSection
	GlobalSection(SolutionProperties) = preSolution
		HideSolutionNode = FALSE
	EndGlobalSection
	GlobalSection(ExtensibilityGlobals) = postSolution
		SolutionGuid = {14262272-FBC8-4FD8-AD9E-83B8A66D6CE9}
	EndGlobalSection
EndGlobal
