
Microsoft Visual Studio Solution File, Format Version 12.00
# Visual Studio Version 17
VisualStudioVersion = 17.3.32825.248
MinimumVisualStudioVersion = 10.0.40219.1
Project("{9A19103F-16F7-4668-BE54-9A1E7A4F7556}") = "2zamena_dsatur", "lab_al_3\2zamena_dsatur.csproj", "{566B43B7-F72D-4055-8CEE-02727A51A911}"
EndProject
Global
	GlobalSection(SolutionConfigurationPlatforms) = preSolution
		Debug|Any CPU = Debug|Any CPU
		Release|Any CPU = Release|Any CPU
	EndGlobalSection
	GlobalSection(ProjectConfigurationPlatforms) = postSolution
		{566B43B7-F72D-4055-8CEE-02727A51A911}.Debug|Any CPU.ActiveCfg = Debug|Any CPU
		{566B43B7-F72D-4055-8CEE-02727A51A911}.Debug|Any CPU.Build.0 = Debug|Any CPU
		{566B43B7-F72D-4055-8CEE-02727A51A911}.Release|Any CPU.ActiveCfg = Release|Any CPU
		{566B43B7-F72D-4055-8CEE-02727A51A911}.Release|Any CPU.Build.0 = Release|Any CPU
	EndGlobalSection
	GlobalSection(SolutionProperties) = preSolution
		HideSolutionNode = FALSE
	EndGlobalSection
	GlobalSection(ExtensibilityGlobals) = postSolution
		SolutionGuid = {1F0E02FD-E645-4DAE-BC22-0E33A974A949}
	EndGlobalSection
EndGlobal
