
Microsoft Visual Studio Solution File, Format Version 12.00
Project("{FAE04EC0-301F-11D3-BF4B-00C04F79EFBC}") = "BinPacking", "BinPacking\BinPacking.csproj", "{DE7A7D61-25E1-48E0-A701-745DE1A78785}"
EndProject
Global
	GlobalSection(SolutionConfigurationPlatforms) = preSolution
		Debug|Any CPU = Debug|Any CPU
		Release|Any CPU = Release|Any CPU
	EndGlobalSection
	GlobalSection(ProjectConfigurationPlatforms) = postSolution
		{DE7A7D61-25E1-48E0-A701-745DE1A78785}.Debug|Any CPU.ActiveCfg = Debug|Any CPU
		{DE7A7D61-25E1-48E0-A701-745DE1A78785}.Debug|Any CPU.Build.0 = Debug|Any CPU
		{DE7A7D61-25E1-48E0-A701-745DE1A78785}.Release|Any CPU.ActiveCfg = Release|Any CPU
		{DE7A7D61-25E1-48E0-A701-745DE1A78785}.Release|Any CPU.Build.0 = Release|Any CPU
	EndGlobalSection
EndGlobal
