
Microsoft Visual Studio Solution File, Format Version 12.00
Project("{FAE04EC0-301F-11D3-BF4B-00C04F79EFBC}") = "lab6", "lab6\lab6.csproj", "{AF1101C4-26D9-498F-B4DA-D09E8BD4D8BF}"
EndProject
Global
	GlobalSection(SolutionConfigurationPlatforms) = preSolution
		Debug|Any CPU = Debug|Any CPU
		Release|Any CPU = Release|Any CPU
	EndGlobalSection
	GlobalSection(ProjectConfigurationPlatforms) = postSolution
		{AF1101C4-26D9-498F-B4DA-D09E8BD4D8BF}.Debug|Any CPU.ActiveCfg = Debug|Any CPU
		{AF1101C4-26D9-498F-B4DA-D09E8BD4D8BF}.Debug|Any CPU.Build.0 = Debug|Any CPU
		{AF1101C4-26D9-498F-B4DA-D09E8BD4D8BF}.Release|Any CPU.ActiveCfg = Release|Any CPU
		{AF1101C4-26D9-498F-B4DA-D09E8BD4D8BF}.Release|Any CPU.Build.0 = Release|Any CPU
	EndGlobalSection
EndGlobal
