
Microsoft Visual Studio Solution File, Format Version 12.00
Project("{FAE04EC0-301F-11D3-BF4B-00C04F79EFBC}") = "lab3", "lab3\lab3.csproj", "{AE5C5297-D972-47BB-8BA5-6CCD0B8CFE77}"
EndProject
Global
	GlobalSection(SolutionConfigurationPlatforms) = preSolution
		Debug|Any CPU = Debug|Any CPU
		Release|Any CPU = Release|Any CPU
	EndGlobalSection
	GlobalSection(ProjectConfigurationPlatforms) = postSolution
		{AE5C5297-D972-47BB-8BA5-6CCD0B8CFE77}.Debug|Any CPU.ActiveCfg = Debug|Any CPU
		{AE5C5297-D972-47BB-8BA5-6CCD0B8CFE77}.Debug|Any CPU.Build.0 = Debug|Any CPU
		{AE5C5297-D972-47BB-8BA5-6CCD0B8CFE77}.Release|Any CPU.ActiveCfg = Release|Any CPU
		{AE5C5297-D972-47BB-8BA5-6CCD0B8CFE77}.Release|Any CPU.Build.0 = Release|Any CPU
	EndGlobalSection
EndGlobal
