
Microsoft Visual Studio Solution File, Format Version 12.00
# Visual Studio Version 17
VisualStudioVersion = 17.3.32825.248
MinimumVisualStudioVersion = 10.0.40219.1
Project("{FAE04EC0-301F-11D3-BF4B-00C04F79EFBC}") = "MVCDraftDoctorProfi", "MVCDraftDoctorProfi.csproj", "{F58DBA2B-C2BD-4FBA-9B53-E0F059B32C20}"
EndProject
Global
	GlobalSection(SolutionConfigurationPlatforms) = preSolution
		Debug|Any CPU = Debug|Any CPU
		Release|Any CPU = Release|Any CPU
	EndGlobalSection
	GlobalSection(ProjectConfigurationPlatforms) = postSolution
		{F58DBA2B-C2BD-4FBA-9B53-E0F059B32C20}.Debug|Any CPU.ActiveCfg = Debug|Any CPU
		{F58DBA2B-C2BD-4FBA-9B53-E0F059B32C20}.Debug|Any CPU.Build.0 = Debug|Any CPU
		{F58DBA2B-C2BD-4FBA-9B53-E0F059B32C20}.Release|Any CPU.ActiveCfg = Release|Any CPU
		{F58DBA2B-C2BD-4FBA-9B53-E0F059B32C20}.Release|Any CPU.Build.0 = Release|Any CPU
	EndGlobalSection
	GlobalSection(SolutionProperties) = preSolution
		HideSolutionNode = FALSE
	EndGlobalSection
	GlobalSection(ExtensibilityGlobals) = postSolution
		SolutionGuid = {6F87FB46-FD64-4FE9-95EE-2C6880F3FA0E}
	EndGlobalSection
EndGlobal
