
Microsoft Visual Studio Solution File, Format Version 12.00
# Visual Studio Version 17
VisualStudioVersion = 17.4.33110.190
MinimumVisualStudioVersion = 10.0.40219.1
Project("{FAE04EC0-301F-11D3-BF4B-00C04F79EFBC}") = "party-invites", "party-invites\party-invites.csproj", "{DBF818F0-6D4D-42A8-A81C-E81618EB4813}"
EndProject
Global
	GlobalSection(SolutionConfigurationPlatforms) = preSolution
		Debug|Any CPU = Debug|Any CPU
		Release|Any CPU = Release|Any CPU
	EndGlobalSection
	GlobalSection(ProjectConfigurationPlatforms) = postSolution
		{DBF818F0-6D4D-42A8-A81C-E81618EB4813}.Debug|Any CPU.ActiveCfg = Debug|Any CPU
		{DBF818F0-6D4D-42A8-A81C-E81618EB4813}.Debug|Any CPU.Build.0 = Debug|Any CPU
		{DBF818F0-6D4D-42A8-A81C-E81618EB4813}.Release|Any CPU.ActiveCfg = Release|Any CPU
		{DBF818F0-6D4D-42A8-A81C-E81618EB4813}.Release|Any CPU.Build.0 = Release|Any CPU
	EndGlobalSection
	GlobalSection(SolutionProperties) = preSolution
		HideSolutionNode = FALSE
	EndGlobalSection
	GlobalSection(ExtensibilityGlobals) = postSolution
		SolutionGuid = {6A001591-E0FD-48F2-B076-BFBF2F16362F}
	EndGlobalSection
EndGlobal
