
Microsoft Visual Studio Solution File, Format Version 12.00
# Visual Studio Version 17
VisualStudioVersion = 17.3.32825.248
MinimumVisualStudioVersion = 10.0.40219.1
Project("{FAE04EC0-301F-11D3-BF4B-00C04F79EFBC}") = "party-invite", "party-invite.csproj", "{1BCD1221-FC9F-4F02-9261-D1AB45969776}"
EndProject
Global
	GlobalSection(SolutionConfigurationPlatforms) = preSolution
		Debug|Any CPU = Debug|Any CPU
		Release|Any CPU = Release|Any CPU
	EndGlobalSection
	GlobalSection(ProjectConfigurationPlatforms) = postSolution
		{1BCD1221-FC9F-4F02-9261-D1AB45969776}.Debug|Any CPU.ActiveCfg = Debug|Any CPU
		{1BCD1221-FC9F-4F02-9261-D1AB45969776}.Debug|Any CPU.Build.0 = Debug|Any CPU
		{1BCD1221-FC9F-4F02-9261-D1AB45969776}.Release|Any CPU.ActiveCfg = Release|Any CPU
		{1BCD1221-FC9F-4F02-9261-D1AB45969776}.Release|Any CPU.Build.0 = Release|Any CPU
	EndGlobalSection
	GlobalSection(SolutionProperties) = preSolution
		HideSolutionNode = FALSE
	EndGlobalSection
	GlobalSection(ExtensibilityGlobals) = postSolution
		SolutionGuid = {7AC8030B-DD05-4DB1-A0C5-68E933C9BEFC}
	EndGlobalSection
EndGlobal
