
Microsoft Visual Studio Solution File, Format Version 12.00
Project("{FAE04EC0-301F-11D3-BF4B-00C04F79EFBC}") = "TuringMachine", "TuringMachine\TuringMachine.csproj", "{031211F6-EA6D-49B6-8324-17CC29D25B55}"
EndProject
Global
	GlobalSection(SolutionConfigurationPlatforms) = preSolution
		Debug|Any CPU = Debug|Any CPU
		Release|Any CPU = Release|Any CPU
	EndGlobalSection
	GlobalSection(ProjectConfigurationPlatforms) = postSolution
		{031211F6-EA6D-49B6-8324-17CC29D25B55}.Debug|Any CPU.ActiveCfg = Debug|Any CPU
		{031211F6-EA6D-49B6-8324-17CC29D25B55}.Debug|Any CPU.Build.0 = Debug|Any CPU
		{031211F6-EA6D-49B6-8324-17CC29D25B55}.Release|Any CPU.ActiveCfg = Release|Any CPU
		{031211F6-EA6D-49B6-8324-17CC29D25B55}.Release|Any CPU.Build.0 = Release|Any CPU
	EndGlobalSection
EndGlobal
